# Files imported from affaan-m/ECC (MIT). Format: <path> <upstream commit> <sha256 at import>
agents/dart-build-resolver.md ef648e01899ba3e8dc6371642deaaf64b4477775 2715aa7b58fae3667493a089afbfa891dfe20d24e555e90ddfdd732d10104d1f
agents/flutter-reviewer.md ef648e01899ba3e8dc6371642deaaf64b4477775 26a78d27db9a035204c9c517314c880a5ea4419500da319acdb643b84d59b0b8
agents/silent-failure-hunter.md ef648e01899ba3e8dc6371642deaaf64b4477775 e5e2094c6f50cc515a77376331c78e4955d5ff16c7a0e5d8f6edec692b7ebd8d
commands/flutter-build.md ef648e01899ba3e8dc6371642deaaf64b4477775 589c18404b15703bd306023d0210b8f974a395dc4b00c5bc70d41cb64a0da627
commands/flutter-review.md ef648e01899ba3e8dc6371642deaaf64b4477775 631142330e5884cd0dae2d404d183b0dda4c5f6b1752a21e7d1e70b0be6d2e28
commands/flutter-test.md ef648e01899ba3e8dc6371642deaaf64b4477775 22d547f9a255ddbbcebdcc90ca48a6865896f8cf00d39ed5d3e49504d716c363
commands/learn-eval.md ef648e01899ba3e8dc6371642deaaf64b4477775 130ca626905237a4f6c75314c304f26a49f291794fc4a5e8e8747d7850db9082
commands/resume-session.md ef648e01899ba3e8dc6371642deaaf64b4477775 b09bcb22feb10adbba50accd5dd97d09b60897aa94d05c6c12b6e579cb69cbac
commands/save-session.md ef648e01899ba3e8dc6371642deaaf64b4477775 a9488a8819d6c65fe4777f07ea72de6b0c4ee94f90c6bb33b3b8841916222db4
scripts/hooks/gateguard-fact-force.js ef648e01899ba3e8dc6371642deaaf64b4477775 9401ca31742946d3af10eacf49c122c46862491573c89cb3d5330d888aea06d8
scripts/hooks/gateguard-heredoc.js ef648e01899ba3e8dc6371642deaaf64b4477775 1482549cd44a02251d1b468afe79fc931fe1113fbcf7d08f3f7e3fc98d89171e
scripts/hooks/suggest-compact.js ef648e01899ba3e8dc6371642deaaf64b4477775 e031a96b7d05b689a457eb4c2c02dd8e1171cd5e68633f30b60a3f0f6ce4471a
scripts/lib/agent-data-home.js ef648e01899ba3e8dc6371642deaaf64b4477775 0a39212f81838cd9756ade0048c296a6f79acf6dc8416ded6b15cd8c5be07ae8
scripts/lib/path-safety.js ef648e01899ba3e8dc6371642deaaf64b4477775 542126cf47247161dd26713a1f33d34af2881db46435ac8ecef76a8be31c062c
scripts/lib/powershell-destructive-command.js ef648e01899ba3e8dc6371642deaaf64b4477775 90748dfc22acabb22ebb6e8365d6821b6cb04acba3af467fdb239d5d66ceaa7b
scripts/lib/shell-substitution.js ef648e01899ba3e8dc6371642deaaf64b4477775 36023c065ca40d2b40feccb3659deaa4dd195eda9ccf3ccd89ae44c0c45b10be
scripts/lib/transcript-context.js ef648e01899ba3e8dc6371642deaaf64b4477775 38f399260f79904bc8a97448d1dff965aaf0f04596143ce344fdbf64747bf0a2
scripts/lib/utils.js ef648e01899ba3e8dc6371642deaaf64b4477775 c9a84bd7993cb65e532a16b1872ce468b869ec40aac2d743aa03bcbf6a6dd5a8
skills/accessibility/SKILL.md ef648e01899ba3e8dc6371642deaaf64b4477775 2762f21d09d199009ed4f95b28c911436b367c30963dc5ddb48b8e1ad7fc1585
skills/dart-flutter-patterns/SKILL.md ef648e01899ba3e8dc6371642deaaf64b4477775 43b6e45cc3f15d8de113ed2aa9884528a9207f83f6bb1901f72a712698705706
skills/santa-method/SKILL.md ef648e01899ba3e8dc6371642deaaf64b4477775 942eb2301d759aec427771866779b431fa10129d11a4f058583770f68ca6baa7
skills/strategic-compact/SKILL.md ef648e01899ba3e8dc6371642deaaf64b4477775 44a71c6dcc3fdde8061b8a78296c5d37233e4accc8cf3c794e29ac5b9f2eee28
skills/verification-loop/SKILL.md ef648e01899ba3e8dc6371642deaaf64b4477775 503aebee7d414f559c4874600081a40b1e7aea269b58073c5c9660c6641b00a0
